
Microsoft Visual Studio Solution File, Format Version 12.00
# Visual Studio 2017
Project("{FAE04EC0-301F-11D3-BF4B-00C04F79EFBC}") = "tiled_dungeon", "tiled_dungeon.csproj", "{BBDA67E9-9477-4688-D9FC-E12C48E0B2DA}"
EndProject
Global
	GlobalSection(SolutionConfigurationPlatforms) = preSolution
		Debug|Any CPU = Debug|Any CPU
		Release|Any CPU = Release|Any CPU
	EndGlobalSection
	GlobalSection(ProjectConfigurationPlatforms) = postSolution
		{BBDA67E9-9477-4688-D9FC-E12C48E0B2DA}.Debug|Any CPU.ActiveCfg = Debug|Any CPU
		{BBDA67E9-9477-4688-D9FC-E12C48E0B2DA}.Debug|Any CPU.Build.0 = Debug|Any CPU
		{BBDA67E9-9477-4688-D9FC-E12C48E0B2DA}.Release|Any CPU.ActiveCfg = Release|Any CPU
		{BBDA67E9-9477-4688-D9FC-E12C48E0B2DA}.Release|Any CPU.Build.0 = Release|Any CPU
	EndGlobalSection
	GlobalSection(SolutionProperties) = preSolution
		HideSolutionNode = FALSE
	EndGlobalSection
EndGlobal
